
Microsoft Visual Studio Solution File, Format Version 12.00
# Visual Studio 15
VisualStudioVersion = 15.0.26730.16
MinimumVisualStudioVersion = 10.0.40219.1
Project("{FAE04EC0-301F-11D3-BF4B-00C04F79EFBC}") = "RegistrationAPI", "RegistrationAPI\RegistrationAPI.csproj", "{DCB274C1-B96B-4CF4-9B05-4DBC433BEDD9}"
EndProject
Project("{FAE04EC0-301F-11D3-BF4B-00C04F79EFBC}") = "RegistrationDAL", "RegistrationDAL\RegistrationDAL.csproj", "{8037FE1F-D002-4279-B781-F3A39F3F20F0}"
EndProject
Project("{FAE04EC0-301F-11D3-BF4B-00C04F79EFBC}") = "RegistrationBLL", "RegistrationBLL\RegistrationBLL.csproj", "{D6019720-6EF2-484E-B213-D10D26078D22}"
EndProject
Project("{FAE04EC0-301F-11D3-BF4B-00C04F79EFBC}") = "TestUnitProject", "TestUnitProject\TestUnitProject.csproj", "{562FCF43-A135-45A6-B3EB-2C1BBFC29A4A}"
EndProject
Global
	GlobalSection(SolutionConfigurationPlatforms) = preSolution
		Debug|Any CPU = Debug|Any CPU
		Release|Any CPU = Release|Any CPU
	EndGlobalSection
	GlobalSection(ProjectConfigurationPlatforms) = postSolution
		{DCB274C1-B96B-4CF4-9B05-4DBC433BEDD9}.Debug|Any CPU.ActiveCfg = Debug|Any CPU
		{DCB274C1-B96B-4CF4-9B05-4DBC433BEDD9}.Debug|Any CPU.Build.0 = Debug|Any CPU
		{DCB274C1-B96B-4CF4-9B05-4DBC433BEDD9}.Release|Any CPU.ActiveCfg = Release|Any CPU
		{DCB274C1-B96B-4CF4-9B05-4DBC433BEDD9}.Release|Any CPU.Build.0 = Release|Any CPU
		{8037FE1F-D002-4279-B781-F3A39F3F20F0}.Debug|Any CPU.ActiveCfg = Debug|Any CPU
		{8037FE1F-D002-4279-B781-F3A39F3F20F0}.Debug|Any CPU.Build.0 = Debug|Any CPU
		{8037FE1F-D002-4279-B781-F3A39F3F20F0}.Release|Any CPU.ActiveCfg = Release|Any CPU
		{8037FE1F-D002-4279-B781-F3A39F3F20F0}.Release|Any CPU.Build.0 = Release|Any CPU
		{D6019720-6EF2-484E-B213-D10D26078D22}.Debug|Any CPU.ActiveCfg = Debug|Any CPU
		{D6019720-6EF2-484E-B213-D10D26078D22}.Debug|Any CPU.Build.0 = Debug|Any CPU
		{D6019720-6EF2-484E-B213-D10D26078D22}.Release|Any CPU.ActiveCfg = Release|Any CPU
		{D6019720-6EF2-484E-B213-D10D26078D22}.Release|Any CPU.Build.0 = Release|Any CPU
		{562FCF43-A135-45A6-B3EB-2C1BBFC29A4A}.Debug|Any CPU.ActiveCfg = Debug|Any CPU
		{562FCF43-A135-45A6-B3EB-2C1BBFC29A4A}.Debug|Any CPU.Build.0 = Debug|Any CPU
		{562FCF43-A135-45A6-B3EB-2C1BBFC29A4A}.Release|Any CPU.ActiveCfg = Release|Any CPU
		{562FCF43-A135-45A6-B3EB-2C1BBFC29A4A}.Release|Any CPU.Build.0 = Release|Any CPU
	EndGlobalSection
	GlobalSection(SolutionProperties) = preSolution
		HideSolutionNode = FALSE
	EndGlobalSection
	GlobalSection(ExtensibilityGlobals) = postSolution
		SolutionGuid = {901390B4-C2F8-45EE-BFC1-2D3017003340}
	EndGlobalSection
EndGlobal
